
Microsoft Visual Studio Solution File, Format Version 12.00
# Visual Studio Version 16
VisualStudioVersion = 16.0.30225.117
MinimumVisualStudioVersion = 10.0.40219.1
Project("{FAE04EC0-301F-11D3-BF4B-00C04F79EFBC}") = "SodaMachine", "SodaMachine\SodaMachine.csproj", "{50BE4D09-79E9-42E3-8193-4B73F3380DE5}"
EndProject
Global
	GlobalSection(SolutionConfigurationPlatforms) = preSolution
		Debug|Any CPU = Debug|Any CPU
		Release|Any CPU = Release|Any CPU
	EndGlobalSection
	GlobalSection(ProjectConfigurationPlatforms) = postSolution
		{50BE4D09-79E9-42E3-8193-4B73F3380DE5}.Debug|Any CPU.ActiveCfg = Debug|Any CPU
		{50BE4D09-79E9-42E3-8193-4B73F3380DE5}.Debug|Any CPU.Build.0 = Debug|Any CPU
		{50BE4D09-79E9-42E3-8193-4B73F3380DE5}.Release|Any CPU.ActiveCfg = Release|Any CPU
		{50BE4D09-79E9-42E3-8193-4B73F3380DE5}.Release|Any CPU.Build.0 = Release|Any CPU
	EndGlobalSection
	GlobalSection(SolutionProperties) = preSolution
		HideSolutionNode = FALSE
	EndGlobalSection
	GlobalSection(ExtensibilityGlobals) = postSolution
		SolutionGuid = {22BB87DC-FE1F-4838-AAFC-41150EA11B6E}
	EndGlobalSection
EndGlobal
